
Microsoft Visual Studio Solution File, Format Version 12.00
# Visual Studio Version 17
VisualStudioVersion = 17.0.31912.275
MinimumVisualStudioVersion = 10.0.40219.1
Project("{FAE04EC0-301F-11D3-BF4B-00C04F79EFBC}") = "lorl", "lorl.csproj", "{8901347F-107F-45E4-8670-1DD9F90C7A44}"
EndProject
Global
	GlobalSection(SolutionConfigurationPlatforms) = preSolution
		Debug|Any CPU = Debug|Any CPU
		Release|Any CPU = Release|Any CPU
	EndGlobalSection
	GlobalSection(ProjectConfigurationPlatforms) = postSolution
		{8901347F-107F-45E4-8670-1DD9F90C7A44}.Debug|Any CPU.ActiveCfg = Debug|Any CPU
		{8901347F-107F-45E4-8670-1DD9F90C7A44}.Debug|Any CPU.Build.0 = Debug|Any CPU
		{8901347F-107F-45E4-8670-1DD9F90C7A44}.Release|Any CPU.ActiveCfg = Release|Any CPU
		{8901347F-107F-45E4-8670-1DD9F90C7A44}.Release|Any CPU.Build.0 = Release|Any CPU
	EndGlobalSection
	GlobalSection(SolutionProperties) = preSolution
		HideSolutionNode = FALSE
	EndGlobalSection
	GlobalSection(ExtensibilityGlobals) = postSolution
		SolutionGuid = {61556508-B6FA-49FB-8B94-559E54F5BB2A}
	EndGlobalSection
EndGlobal
